
Microsoft Visual Studio Solution File, Format Version 12.00
# Visual Studio Version 17
VisualStudioVersion = 17.9.34728.123
MinimumVisualStudioVersion = 10.0.40219.1
Project("{FAE04EC0-301F-11D3-BF4B-00C04F79EFBC}") = "SPRINT2NET", "SPRINT2NET\SPRINT2NET.csproj", "{17359C63-E3EA-4D4B-95E3-CBFE9C9EA516}"
EndProject
Global
	GlobalSection(SolutionConfigurationPlatforms) = preSolution
		Debug|Any CPU = Debug|Any CPU
		Release|Any CPU = Release|Any CPU
	EndGlobalSection
	GlobalSection(ProjectConfigurationPlatforms) = postSolution
		{17359C63-E3EA-4D4B-95E3-CBFE9C9EA516}.Debug|Any CPU.ActiveCfg = Debug|Any CPU
		{17359C63-E3EA-4D4B-95E3-CBFE9C9EA516}.Debug|Any CPU.Build.0 = Debug|Any CPU
		{17359C63-E3EA-4D4B-95E3-CBFE9C9EA516}.Release|Any CPU.ActiveCfg = Release|Any CPU
		{17359C63-E3EA-4D4B-95E3-CBFE9C9EA516}.Release|Any CPU.Build.0 = Release|Any CPU
	EndGlobalSection
	GlobalSection(SolutionProperties) = preSolution
		HideSolutionNode = FALSE
	EndGlobalSection
	GlobalSection(ExtensibilityGlobals) = postSolution
		SolutionGuid = {4D8F6B0E-1291-4AD1-AA62-D53E81D2E04F}
	EndGlobalSection
EndGlobal
